
Microsoft Visual Studio Solution File, Format Version 12.00
# Visual Studio Version 16
VisualStudioVersion = 16.0.30320.27
MinimumVisualStudioVersion = 10.0.40219.1
Project("{FAE04EC0-301F-11D3-BF4B-00C04F79EFBC}") = "ConsoleApp2", "ConsoleApp2\ConsoleApp2.csproj", "{497B26D5-FCA7-49BA-99D9-1B8AB6733C91}"
EndProject
Global
	GlobalSection(SolutionConfigurationPlatforms) = preSolution
		Debug|Any CPU = Debug|Any CPU
		Release|Any CPU = Release|Any CPU
	EndGlobalSection
	GlobalSection(ProjectConfigurationPlatforms) = postSolution
		{497B26D5-FCA7-49BA-99D9-1B8AB6733C91}.Debug|Any CPU.ActiveCfg = Debug|Any CPU
		{497B26D5-FCA7-49BA-99D9-1B8AB6733C91}.Debug|Any CPU.Build.0 = Debug|Any CPU
		{497B26D5-FCA7-49BA-99D9-1B8AB6733C91}.Release|Any CPU.ActiveCfg = Release|Any CPU
		{497B26D5-FCA7-49BA-99D9-1B8AB6733C91}.Release|Any CPU.Build.0 = Release|Any CPU
	EndGlobalSection
	GlobalSection(SolutionProperties) = preSolution
		HideSolutionNode = FALSE
	EndGlobalSection
	GlobalSection(ExtensibilityGlobals) = postSolution
		SolutionGuid = {8C0E850E-C73F-4C1D-A9AF-F684469A593B}
	EndGlobalSection
EndGlobal
